
Microsoft Visual Studio Solution File, Format Version 12.00
# Visual Studio Version 16
VisualStudioVersion = 16.0.30717.126
MinimumVisualStudioVersion = 10.0.40219.1
Project("{FAE04EC0-301F-11D3-BF4B-00C04F79EFBC}") = "MySampleApp.UWP", "MySampleApp.UWP\MySampleApp.UWP.csproj", "{C06A8F88-F92D-40C2-B34B-706E1B71F78B}"
EndProject
Project("{FAE04EC0-301F-11D3-BF4B-00C04F79EFBC}") = "MySampleApp.Android", "MySampleApp.Android\MySampleApp.Android.csproj", "{D7A477AF-84B6-4559-AD0B-E3BEA108C591}"
EndProject
Project("{FAE04EC0-301F-11D3-BF4B-00C04F79EFBC}") = "MySampleApp.iOS", "MySampleApp.iOS\MySampleApp.iOS.csproj", "{E0F9F211-59A6-447B-8084-8AECE2D9526E}"
EndProject
Project("{FAE04EC0-301F-11D3-BF4B-00C04F79EFBC}") = "MySampleApp", "MySampleApp\MySampleApp.csproj", "{39445425-214C-41C4-9F63-FCF299D2E602}"
EndProject
Global
	GlobalSection(SolutionConfigurationPlatforms) = preSolution
		Debug|Any CPU = Debug|Any CPU
		Debug|ARM = Debug|ARM
		Debug|iPhone = Debug|iPhone
		Debug|iPhoneSimulator = Debug|iPhoneSimulator
		Debug|x64 = Debug|x64
		Debug|x86 = Debug|x86
		Release|Any CPU = Release|Any CPU
		Release|ARM = Release|ARM
		Release|iPhone = Release|iPhone
		Release|iPhoneSimulator = Release|iPhoneSimulator
		Release|x64 = Release|x64
		Release|x86 = Release|x86
	EndGlobalSection
	GlobalSection(ProjectConfigurationPlatforms) = postSolution
		{C06A8F88-F92D-40C2-B34B-706E1B71F78B}.Debug|Any CPU.ActiveCfg = Debug|x86
		{C06A8F88-F92D-40C2-B34B-706E1B71F78B}.Debug|Any CPU.Build.0 = Debug|x86
		{C06A8F88-F92D-40C2-B34B-706E1B71F78B}.Debug|Any CPU.Deploy.0 = Debug|x86
		{C06A8F88-F92D-40C2-B34B-706E1B71F78B}.Debug|ARM.ActiveCfg = Debug|ARM
		{C06A8F88-F92D-40C2-B34B-706E1B71F78B}.Debug|ARM.Build.0 = Debug|ARM
		{C06A8F88-F92D-40C2-B34B-706E1B71F78B}.Debug|ARM.Deploy.0 = Debug|ARM
		{C06A8F88-F92D-40C2-B34B-706E1B71F78B}.Debug|iPhone.ActiveCfg = Debug|x86
		{C06A8F88-F92D-40C2-B34B-706E1B71F78B}.Debug|iPhone.Build.0 = Debug|x86
		{C06A8F88-F92D-40C2-B34B-706E1B71F78B}.Debug|iPhone.Deploy.0 = Debug|x86
		{C06A8F88-F92D-40C2-B34B-706E1B71F78B}.Debug|iPhoneSimulator.ActiveCfg = Debug|x86
		{C06A8F88-F92D-40C2-B34B-706E1B71F78B}.Debug|iPhoneSimulator.Build.0 = Debug|x86
		{C06A8F88-F92D-40C2-B34B-706E1B71F78B}.Debug|iPhoneSimulator.Deploy.0 = Debug|x86
		{C06A8F88-F92D-40C2-B34B-706E1B71F78B}.Debug|x64.ActiveCfg = Debug|x64
		{C06A8F88-F92D-40C2-B34B-706E1B71F78B}.Debug|x64.Build.0 = Debug|x64
		{C06A8F88-F92D-40C2-B34B-706E1B71F78B}.Debug|x64.Deploy.0 = Debug|x64
		{C06A8F88-F92D-40C2-B34B-706E1B71F78B}.Debug|x86.ActiveCfg = Debug|x86
		{C06A8F88-F92D-40C2-B34B-706E1B71F78B}.Debug|x86.Build.0 = Debug|x86
		{C06A8F88-F92D-40C2-B34B-706E1B71F78B}.Debug|x86.Deploy.0 = Debug|x86
		{C06A8F88-F92D-40C2-B34B-706E1B71F78B}.Release|Any CPU.ActiveCfg = Release|x86
		{C06A8F88-F92D-40C2-B34B-706E1B71F78B}.Release|Any CPU.Build.0 = Release|x86
		{C06A8F88-F92D-40C2-B34B-706E1B71F78B}.Release|Any CPU.Deploy.0 = Release|x86
		{C06A8F88-F92D-40C2-B34B-706E1B71F78B}.Release|ARM.ActiveCfg = Release|ARM
		{C06A8F88-F92D-40C2-B34B-706E1B71F78B}.Release|ARM.Build.0 = Release|ARM
		{C06A8F88-F92D-40C2-B34B-706E1B71F78B}.Release|ARM.Deploy.0 = Release|ARM
		{C06A8F88-F92D-40C2-B34B-706E1B71F78B}.Release|iPhone.ActiveCfg = Release|x86
		{C06A8F88-F92D-40C2-B34B-706E1B71F78B}.Release|iPhone.Build.0 = Release|x86
		{C06A8F88-F92D-40C2-B34B-706E1B71F78B}.Release|iPhone.Deploy.0 = Release|x86
		{C06A8F88-F92D-40C2-B34B-706E1B71F78B}.Release|iPhoneSimulator.ActiveCfg = Release|x86
		{C06A8F88-F92D-40C2-B34B-706E1B71F78B}.Release|iPhoneSimulator.Build.0 = Release|x86
		{C06A8F88-F92D-40C2-B34B-706E1B71F78B}.Release|iPhoneSimulator.Deploy.0 = Release|x86
		{C06A8F88-F92D-40C2-B34B-706E1B71F78B}.Release|x64.ActiveCfg = Release|x64
		{C06A8F88-F92D-40C2-B34B-706E1B71F78B}.Release|x64.Build.0 = Release|x64
		{C06A8F88-F92D-40C2-B34B-706E1B71F78B}.Release|x64.Deploy.0 = Release|x64
		{C06A8F88-F92D-40C2-B34B-706E1B71F78B}.Release|x86.ActiveCfg = Release|x86
		{C06A8F88-F92D-40C2-B34B-706E1B71F78B}.Release|x86.Build.0 = Release|x86
		{C06A8F88-F92D-40C2-B34B-706E1B71F78B}.Release|x86.Deploy.0 = Release|x86
		{D7A477AF-84B6-4559-AD0B-E3BEA108C591}.Debug|Any CPU.ActiveCfg = Debug|Any CPU
		{D7A477AF-84B6-4559-AD0B-E3BEA108C591}.Debug|Any CPU.Build.0 = Debug|Any CPU
		{D7A477AF-84B6-4559-AD0B-E3BEA108C591}.Debug|Any CPU.Deploy.0 = Debug|Any CPU
		{D7A477AF-84B6-4559-AD0B-E3BEA108C591}.Debug|ARM.ActiveCfg = Debug|Any CPU
		{D7A477AF-84B6-4559-AD0B-E3BEA108C591}.Debug|ARM.Build.0 = Debug|Any CPU
		{D7A477AF-84B6-4559-AD0B-E3BEA108C591}.Debug|ARM.Deploy.0 = Debug|Any CPU
		{D7A477AF-84B6-4559-AD0B-E3BEA108C591}.Debug|iPhone.ActiveCfg = Debug|Any CPU
		{D7A477AF-84B6-4559-AD0B-E3BEA108C591}.Debug|iPhone.Build.0 = Debug|Any CPU
		{D7A477AF-84B6-4559-AD0B-E3BEA108C591}.Debug|iPhone.Deploy.0 = Debug|Any CPU
		{D7A477AF-84B6-4559-AD0B-E3BEA108C591}.Debug|iPhoneSimulator.ActiveCfg = Debug|Any CPU
		{D7A477AF-84B6-4559-AD0B-E3BEA108C591}.Debug|iPhoneSimulator.Build.0 = Debug|Any CPU
		{D7A477AF-84B6-4559-AD0B-E3BEA108C591}.Debug|iPhoneSimulator.Deploy.0 = Debug|Any CPU
		{D7A477AF-84B6-4559-AD0B-E3BEA108C591}.Debug|x64.ActiveCfg = Debug|Any CPU
		{D7A477AF-84B6-4559-AD0B-E3BEA108C591}.Debug|x64.Build.0 = Debug|Any CPU
		{D7A477AF-84B6-4559-AD0B-E3BEA108C591}.Debug|x64.Deploy.0 = Debug|Any CPU
		{D7A477AF-84B6-4559-AD0B-E3BEA108C591}.Debug|x86.ActiveCfg = Debug|Any CPU
		{D7A477AF-84B6-4559-AD0B-E3BEA108C591}.Debug|x86.Build.0 = Debug|Any CPU
		{D7A477AF-84B6-4559-AD0B-E3BEA108C591}.Debug|x86.Deploy.0 = Debug|Any CPU
		{D7A477AF-84B6-4559-AD0B-E3BEA108C591}.Release|Any CPU.ActiveCfg = Release|Any CPU
		{D7A477AF-84B6-4559-AD0B-E3BEA108C591}.Release|Any CPU.Build.0 = Release|Any CPU
		{D7A477AF-84B6-4559-AD0B-E3BEA108C591}.Release|Any CPU.Deploy.0 = Release|Any CPU
		{D7A477AF-84B6-4559-AD0B-E3BEA108C591}.Release|ARM.ActiveCfg = Release|Any CPU
		{D7A477AF-84B6-4559-AD0B-E3BEA108C591}.Release|ARM.Build.0 = Release|Any CPU
		{D7A477AF-84B6-4559-AD0B-E3BEA108C591}.Release|ARM.Deploy.0 = Release|Any CPU
		{D7A477AF-84B6-4559-AD0B-E3BEA108C591}.Release|iPhone.ActiveCfg = Release|Any CPU
		{D7A477AF-84B6-4559-AD0B-E3BEA108C591}.Release|iPhone.Build.0 = Release|Any CPU
		{D7A477AF-84B6-4559-AD0B-E3BEA108C591}.Release|iPhone.Deploy.0 = Release|Any CPU
		{D7A477AF-84B6-4559-AD0B-E3BEA108C591}.Release|iPhoneSimulator.ActiveCfg = Release|Any CPU
		{D7A477AF-84B6-4559-AD0B-E3BEA108C591}.Release|iPhoneSimulator.Build.0 = Release|Any CPU
		{D7A477AF-84B6-4559-AD0B-E3BEA108C591}.Release|iPhoneSimulator.Deploy.0 = Release|Any CPU
		{D7A477AF-84B6-4559-AD0B-E3BEA108C591}.Release|x64.ActiveCfg = Release|Any CPU
		{D7A477AF-84B6-4559-AD0B-E3BEA108C591}.Release|x64.Build.0 = Release|Any CPU
		{D7A477AF-84B6-4559-AD0B-E3BEA108C591}.Release|x64.Deploy.0 = Release|Any CPU
		{D7A477AF-84B6-4559-AD0B-E3BEA108C591}.Release|x86.ActiveCfg = Release|Any CPU
		{D7A477AF-84B6-4559-AD0B-E3BEA108C591}.Release|x86.Build.0 = Release|Any CPU
		{D7A477AF-84B6-4559-AD0B-E3BEA108C591}.Release|x86.Deploy.0 = Release|Any CPU
		{E0F9F211-59A6-447B-8084-8AECE2D9526E}.Debug|Any CPU.ActiveCfg = Debug|iPhoneSimulator
		{E0F9F211-59A6-447B-8084-8AECE2D9526E}.Debug|Any CPU.Build.0 = Debug|iPhoneSimulator
		{E0F9F211-59A6-447B-8084-8AECE2D9526E}.Debug|Any CPU.Deploy.0 = Debug|iPhoneSimulator
		{E0F9F211-59A6-447B-8084-8AECE2D9526E}.Debug|ARM.ActiveCfg = Debug|iPhone
		{E0F9F211-59A6-447B-8084-8AECE2D9526E}.Debug|ARM.Build.0 = Debug|iPhone
		{E0F9F211-59A6-447B-8084-8AECE2D9526E}.Debug|ARM.Deploy.0 = Debug|iPhone
		{E0F9F211-59A6-447B-8084-8AECE2D9526E}.Debug|iPhone.ActiveCfg = Debug|iPhone
		{E0F9F211-59A6-447B-8084-8AECE2D9526E}.Debug|iPhone.Build.0 = Debug|iPhone
		{E0F9F211-59A6-447B-8084-8AECE2D9526E}.Debug|iPhone.Deploy.0 = Debug|iPhone
		{E0F9F211-59A6-447B-8084-8AECE2D9526E}.Debug|iPhoneSimulator.ActiveCfg = Debug|iPhoneSimulator
		{E0F9F211-59A6-447B-8084-8AECE2D9526E}.Debug|iPhoneSimulator.Build.0 = Debug|iPhoneSimulator
		{E0F9F211-59A6-447B-8084-8AECE2D9526E}.Debug|iPhoneSimulator.Deploy.0 = Debug|iPhoneSimulator
		{E0F9F211-59A6-447B-8084-8AECE2D9526E}.Debug|x64.ActiveCfg = Debug|iPhoneSimulator
		{E0F9F211-59A6-447B-8084-8AECE2D9526E}.Debug|x64.Build.0 = Debug|iPhoneSimulator
		{E0F9F211-59A6-447B-8084-8AECE2D9526E}.Debug|x64.Deploy.0 = Debug|iPhoneSimulator
		{E0F9F211-59A6-447B-8084-8AECE2D9526E}.Debug|x86.ActiveCfg = Debug|iPhoneSimulator
		{E0F9F211-59A6-447B-8084-8AECE2D9526E}.Debug|x86.Build.0 = Debug|iPhoneSimulator
		{E0F9F211-59A6-447B-8084-8AECE2D9526E}.Debug|x86.Deploy.0 = Debug|iPhoneSimulator
		{E0F9F211-59A6-447B-8084-8AECE2D9526E}.Release|Any CPU.ActiveCfg = Release|iPhoneSimulator
		{E0F9F211-59A6-447B-8084-8AECE2D9526E}.Release|Any CPU.Build.0 = Release|iPhoneSimulator
		{E0F9F211-59A6-447B-8084-8AECE2D9526E}.Release|Any CPU.Deploy.0 = Release|iPhoneSimulator
		{E0F9F211-59A6-447B-8084-8AECE2D9526E}.Release|ARM.ActiveCfg = Release|iPhoneSimulator
		{E0F9F211-59A6-447B-8084-8AECE2D9526E}.Release|ARM.Build.0 = Release|iPhoneSimulator
		{E0F9F211-59A6-447B-8084-8AECE2D9526E}.Release|ARM.Deploy.0 = Release|iPhoneSimulator
		{E0F9F211-59A6-447B-8084-8AECE2D9526E}.Release|iPhone.ActiveCfg = Release|iPhone
		{E0F9F211-59A6-447B-8084-8AECE2D9526E}.Release|iPhone.Build.0 = Release|iPhone
		{E0F9F211-59A6-447B-8084-8AECE2D9526E}.Release|iPhone.Deploy.0 = Release|iPhone
		{E0F9F211-59A6-447B-8084-8AECE2D9526E}.Release|iPhoneSimulator.ActiveCfg = Release|iPhoneSimulator
		{E0F9F211-59A6-447B-8084-8AECE2D9526E}.Release|iPhoneSimulator.Build.0 = Release|iPhoneSimulator
		{E0F9F211-59A6-447B-8084-8AECE2D9526E}.Release|iPhoneSimulator.Deploy.0 = Release|iPhoneSimulator
		{E0F9F211-59A6-447B-8084-8AECE2D9526E}.Release|x64.ActiveCfg = Release|iPhoneSimulator
		{E0F9F211-59A6-447B-8084-8AECE2D9526E}.Release|x64.Build.0 = Release|iPhoneSimulator
		{E0F9F211-59A6-447B-8084-8AECE2D9526E}.Release|x64.Deploy.0 = Release|iPhoneSimulator
		{E0F9F211-59A6-447B-8084-8AECE2D9526E}.Release|x86.ActiveCfg = Release|iPhoneSimulator
		{E0F9F211-59A6-447B-8084-8AECE2D9526E}.Release|x86.Build.0 = Release|iPhoneSimulator
		{E0F9F211-59A6-447B-8084-8AECE2D9526E}.Release|x86.Deploy.0 = Release|iPhoneSimulator
		{39445425-214C-41C4-9F63-FCF299D2E602}.Debug|Any CPU.ActiveCfg = Debug|Any CPU
		{39445425-214C-41C4-9F63-FCF299D2E602}.Debug|Any CPU.Build.0 = Debug|Any CPU
		{39445425-214C-41C4-9F63-FCF299D2E602}.Debug|Any CPU.Deploy.0 = Debug|Any CPU
		{39445425-214C-41C4-9F63-FCF299D2E602}.Debug|ARM.ActiveCfg = Debug|Any CPU
		{39445425-214C-41C4-9F63-FCF299D2E602}.Debug|ARM.Build.0 = Debug|Any CPU
		{39445425-214C-41C4-9F63-FCF299D2E602}.Debug|ARM.Deploy.0 = Debug|Any CPU
		{39445425-214C-41C4-9F63-FCF299D2E602}.Debug|iPhone.ActiveCfg = Debug|Any CPU
		{39445425-214C-41C4-9F63-FCF299D2E602}.Debug|iPhone.Build.0 = Debug|Any CPU
		{39445425-214C-41C4-9F63-FCF299D2E602}.Debug|iPhone.Deploy.0 = Debug|Any CPU
		{39445425-214C-41C4-9F63-FCF299D2E602}.Debug|iPhoneSimulator.ActiveCfg = Debug|Any CPU
		{39445425-214C-41C4-9F63-FCF299D2E602}.Debug|iPhoneSimulator.Build.0 = Debug|Any CPU
		{39445425-214C-41C4-9F63-FCF299D2E602}.Debug|iPhoneSimulator.Deploy.0 = Debug|Any CPU
		{39445425-214C-41C4-9F63-FCF299D2E602}.Debug|x64.ActiveCfg = Debug|Any CPU
		{39445425-214C-41C4-9F63-FCF299D2E602}.Debug|x64.Build.0 = Debug|Any CPU
		{39445425-214C-41C4-9F63-FCF299D2E602}.Debug|x64.Deploy.0 = Debug|Any CPU
		{39445425-214C-41C4-9F63-FCF299D2E602}.Debug|x86.ActiveCfg = Debug|Any CPU
		{39445425-214C-41C4-9F63-FCF299D2E602}.Debug|x86.Build.0 = Debug|Any CPU
		{39445425-214C-41C4-9F63-FCF299D2E602}.Debug|x86.Deploy.0 = Debug|Any CPU
		{39445425-214C-41C4-9F63-FCF299D2E602}.Release|Any CPU.ActiveCfg = Release|Any CPU
		{39445425-214C-41C4-9F63-FCF299D2E602}.Release|Any CPU.Build.0 = Release|Any CPU
		{39445425-214C-41C4-9F63-FCF299D2E602}.Release|Any CPU.Deploy.0 = Release|Any CPU
		{39445425-214C-41C4-9F63-FCF299D2E602}.Release|ARM.ActiveCfg = Release|Any CPU
		{39445425-214C-41C4-9F63-FCF299D2E602}.Release|ARM.Build.0 = Release|Any CPU
		{39445425-214C-41C4-9F63-FCF299D2E602}.Release|ARM.Deploy.0 = Release|Any CPU
		{39445425-214C-41C4-9F63-FCF299D2E602}.Release|iPhone.ActiveCfg = Release|Any CPU
		{39445425-214C-41C4-9F63-FCF299D2E602}.Release|iPhone.Build.0 = Release|Any CPU
		{39445425-214C-41C4-9F63-FCF299D2E602}.Release|iPhone.Deploy.0 = Release|Any CPU
		{39445425-214C-41C4-9F63-FCF299D2E602}.Release|iPhoneSimulator.ActiveCfg = Release|Any CPU
		{39445425-214C-41C4-9F63-FCF299D2E602}.Release|iPhoneSimulator.Build.0 = Release|Any CPU
		{39445425-214C-41C4-9F63-FCF299D2E602}.Release|iPhoneSimulator.Deploy.0 = Release|Any CPU
		{39445425-214C-41C4-9F63-FCF299D2E602}.Release|x64.ActiveCfg = Release|Any CPU
		{39445425-214C-41C4-9F63-FCF299D2E602}.Release|x64.Build.0 = Release|Any CPU
		{39445425-214C-41C4-9F63-FCF299D2E602}.Release|x64.Deploy.0 = Release|Any CPU
		{39445425-214C-41C4-9F63-FCF299D2E602}.Release|x86.ActiveCfg = Release|Any CPU
		{39445425-214C-41C4-9F63-FCF299D2E602}.Release|x86.Build.0 = Release|Any CPU
		{39445425-214C-41C4-9F63-FCF299D2E602}.Release|x86.Deploy.0 = Release|Any CPU
	EndGlobalSection
	GlobalSection(SolutionProperties) = preSolution
		HideSolutionNode = FALSE
	EndGlobalSection
	GlobalSection(ExtensibilityGlobals) = postSolution
		SolutionGuid = {01E3C6EB-4826-47F5-87C3-3406CAD3D350}
	EndGlobalSection
EndGlobal
